
Microsoft Visual Studio Solution File, Format Version 12.00
# Visual Studio Version 16
VisualStudioVersion = 16.0.28803.202
MinimumVisualStudioVersion = 10.0.40219.1
Project("{FAE04EC0-301F-11D3-BF4B-00C04F79EFBC}") = "SearchEngine", "SearchEngine\SearchEngine.csproj", "{2080A6D6-285B-40BA-B992-704A93AFD205}"
EndProject
Global
	GlobalSection(SolutionConfigurationPlatforms) = preSolution
		Debug|Any CPU = Debug|Any CPU
		Release|Any CPU = Release|Any CPU
	EndGlobalSection
	GlobalSection(ProjectConfigurationPlatforms) = postSolution
		{2080A6D6-285B-40BA-B992-704A93AFD205}.Debug|Any CPU.ActiveCfg = Debug|Any CPU
		{2080A6D6-285B-40BA-B992-704A93AFD205}.Debug|Any CPU.Build.0 = Debug|Any CPU
		{2080A6D6-285B-40BA-B992-704A93AFD205}.Release|Any CPU.ActiveCfg = Release|Any CPU
		{2080A6D6-285B-40BA-B992-704A93AFD205}.Release|Any CPU.Build.0 = Release|Any CPU
	EndGlobalSection
	GlobalSection(SolutionProperties) = preSolution
		HideSolutionNode = FALSE
	EndGlobalSection
	GlobalSection(ExtensibilityGlobals) = postSolution
		SolutionGuid = {2C1F1D9E-8D74-4E3F-9E15-D2C750028E64}
	EndGlobalSection
EndGlobal
